
Microsoft Visual Studio Solution File, Format Version 12.00
# Visual Studio 15
VisualStudioVersion = 15.0.26228.4
MinimumVisualStudioVersion = 10.0.40219.1
Project("{FAE04EC0-301F-11D3-BF4B-00C04F79EFBC}") = "ProjetoXamarin.Android", "ProjetoXamarin\ProjetoXamarin.Android\ProjetoXamarin.Android.csproj", "{92AC26E4-4541-4971-A2C0-297B83E4C0EA}"
EndProject
Project("{FAE04EC0-301F-11D3-BF4B-00C04F79EFBC}") = "ProjetoXamarin", "ProjetoXamarin\ProjetoXamarin\ProjetoXamarin.csproj", "{F945538E-CD3F-4E07-8C90-429F6644D21F}"
EndProject
Project("{FAE04EC0-301F-11D3-BF4B-00C04F79EFBC}") = "ProjetoXamarin.UWP", "ProjetoXamarin\ProjetoXamarin.UWP\ProjetoXamarin.UWP.csproj", "{F077111A-DE6E-4B75-BB1F-661ACD94B02F}"
EndProject
Project("{FAE04EC0-301F-11D3-BF4B-00C04F79EFBC}") = "ProjetoXamarin.iOS", "ProjetoXamarin\ProjetoXamarin.iOS\ProjetoXamarin.iOS.csproj", "{15EFF62F-970D-4B3F-BCDA-9280397E4F5D}"
EndProject
Global
	GlobalSection(SolutionConfigurationPlatforms) = preSolution
		Ad-Hoc|Any CPU = Ad-Hoc|Any CPU
		Ad-Hoc|ARM = Ad-Hoc|ARM
		Ad-Hoc|iPhone = Ad-Hoc|iPhone
		Ad-Hoc|iPhoneSimulator = Ad-Hoc|iPhoneSimulator
		Ad-Hoc|x64 = Ad-Hoc|x64
		Ad-Hoc|x86 = Ad-Hoc|x86
		AppStore|Any CPU = AppStore|Any CPU
		AppStore|ARM = AppStore|ARM
		AppStore|iPhone = AppStore|iPhone
		AppStore|iPhoneSimulator = AppStore|iPhoneSimulator
		AppStore|x64 = AppStore|x64
		AppStore|x86 = AppStore|x86
		Debug|Any CPU = Debug|Any CPU
		Debug|ARM = Debug|ARM
		Debug|iPhone = Debug|iPhone
		Debug|iPhoneSimulator = Debug|iPhoneSimulator
		Debug|x64 = Debug|x64
		Debug|x86 = Debug|x86
		Release|Any CPU = Release|Any CPU
		Release|ARM = Release|ARM
		Release|iPhone = Release|iPhone
		Release|iPhoneSimulator = Release|iPhoneSimulator
		Release|x64 = Release|x64
		Release|x86 = Release|x86
	EndGlobalSection
	GlobalSection(ProjectConfigurationPlatforms) = postSolution
		{92AC26E4-4541-4971-A2C0-297B83E4C0EA}.Ad-Hoc|Any CPU.ActiveCfg = Release|Any CPU
		{92AC26E4-4541-4971-A2C0-297B83E4C0EA}.Ad-Hoc|Any CPU.Build.0 = Release|Any CPU
		{92AC26E4-4541-4971-A2C0-297B83E4C0EA}.Ad-Hoc|Any CPU.Deploy.0 = Release|Any CPU
		{92AC26E4-4541-4971-A2C0-297B83E4C0EA}.Ad-Hoc|ARM.ActiveCfg = Release|Any CPU
		{92AC26E4-4541-4971-A2C0-297B83E4C0EA}.Ad-Hoc|ARM.Build.0 = Release|Any CPU
		{92AC26E4-4541-4971-A2C0-297B83E4C0EA}.Ad-Hoc|ARM.Deploy.0 = Release|Any CPU
		{92AC26E4-4541-4971-A2C0-297B83E4C0EA}.Ad-Hoc|iPhone.ActiveCfg = Release|Any CPU
		{92AC26E4-4541-4971-A2C0-297B83E4C0EA}.Ad-Hoc|iPhone.Build.0 = Release|Any CPU
		{92AC26E4-4541-4971-A2C0-297B83E4C0EA}.Ad-Hoc|iPhone.Deploy.0 = Release|Any CPU
		{92AC26E4-4541-4971-A2C0-297B83E4C0EA}.Ad-Hoc|iPhoneSimulator.ActiveCfg = Release|Any CPU
		{92AC26E4-4541-4971-A2C0-297B83E4C0EA}.Ad-Hoc|iPhoneSimulator.Build.0 = Release|Any CPU
		{92AC26E4-4541-4971-A2C0-297B83E4C0EA}.Ad-Hoc|iPhoneSimulator.Deploy.0 = Release|Any CPU
		{92AC26E4-4541-4971-A2C0-297B83E4C0EA}.Ad-Hoc|x64.ActiveCfg = Release|Any CPU
		{92AC26E4-4541-4971-A2C0-297B83E4C0EA}.Ad-Hoc|x64.Build.0 = Release|Any CPU
		{92AC26E4-4541-4971-A2C0-297B83E4C0EA}.Ad-Hoc|x64.Deploy.0 = Release|Any CPU
		{92AC26E4-4541-4971-A2C0-297B83E4C0EA}.Ad-Hoc|x86.ActiveCfg = Release|Any CPU
		{92AC26E4-4541-4971-A2C0-297B83E4C0EA}.Ad-Hoc|x86.Build.0 = Release|Any CPU
		{92AC26E4-4541-4971-A2C0-297B83E4C0EA}.Ad-Hoc|x86.Deploy.0 = Release|Any CPU
		{92AC26E4-4541-4971-A2C0-297B83E4C0EA}.AppStore|Any CPU.ActiveCfg = Release|Any CPU
		{92AC26E4-4541-4971-A2C0-297B83E4C0EA}.AppStore|Any CPU.Build.0 = Release|Any CPU
		{92AC26E4-4541-4971-A2C0-297B83E4C0EA}.AppStore|Any CPU.Deploy.0 = Release|Any CPU
		{92AC26E4-4541-4971-A2C0-297B83E4C0EA}.AppStore|ARM.ActiveCfg = Release|Any CPU
		{92AC26E4-4541-4971-A2C0-297B83E4C0EA}.AppStore|ARM.Build.0 = Release|Any CPU
		{92AC26E4-4541-4971-A2C0-297B83E4C0EA}.AppStore|ARM.Deploy.0 = Release|Any CPU
		{92AC26E4-4541-4971-A2C0-297B83E4C0EA}.AppStore|iPhone.ActiveCfg = Release|Any CPU
		{92AC26E4-4541-4971-A2C0-297B83E4C0EA}.AppStore|iPhone.Build.0 = Release|Any CPU
		{92AC26E4-4541-4971-A2C0-297B83E4C0EA}.AppStore|iPhone.Deploy.0 = Release|Any CPU
		{92AC26E4-4541-4971-A2C0-297B83E4C0EA}.AppStore|iPhoneSimulator.ActiveCfg = Release|Any CPU
		{92AC26E4-4541-4971-A2C0-297B83E4C0EA}.AppStore|iPhoneSimulator.Build.0 = Release|Any CPU
		{92AC26E4-4541-4971-A2C0-297B83E4C0EA}.AppStore|iPhoneSimulator.Deploy.0 = Release|Any CPU
		{92AC26E4-4541-4971-A2C0-297B83E4C0EA}.AppStore|x64.ActiveCfg = Release|Any CPU
		{92AC26E4-4541-4971-A2C0-297B83E4C0EA}.AppStore|x64.Build.0 = Release|Any CPU
		{92AC26E4-4541-4971-A2C0-297B83E4C0EA}.AppStore|x64.Deploy.0 = Release|Any CPU
		{92AC26E4-4541-4971-A2C0-297B83E4C0EA}.AppStore|x86.ActiveCfg = Release|Any CPU
		{92AC26E4-4541-4971-A2C0-297B83E4C0EA}.AppStore|x86.Build.0 = Release|Any CPU
		{92AC26E4-4541-4971-A2C0-297B83E4C0EA}.AppStore|x86.Deploy.0 = Release|Any CPU
		{92AC26E4-4541-4971-A2C0-297B83E4C0EA}.Debug|Any CPU.ActiveCfg = Debug|Any CPU
		{92AC26E4-4541-4971-A2C0-297B83E4C0EA}.Debug|Any CPU.Build.0 = Debug|Any CPU
		{92AC26E4-4541-4971-A2C0-297B83E4C0EA}.Debug|Any CPU.Deploy.0 = Debug|Any CPU
		{92AC26E4-4541-4971-A2C0-297B83E4C0EA}.Debug|ARM.ActiveCfg = Debug|Any CPU
		{92AC26E4-4541-4971-A2C0-297B83E4C0EA}.Debug|ARM.Build.0 = Debug|Any CPU
		{92AC26E4-4541-4971-A2C0-297B83E4C0EA}.Debug|ARM.Deploy.0 = Debug|Any CPU
		{92AC26E4-4541-4971-A2C0-297B83E4C0EA}.Debug|iPhone.ActiveCfg = Debug|Any CPU
		{92AC26E4-4541-4971-A2C0-297B83E4C0EA}.Debug|iPhone.Build.0 = Debug|Any CPU
		{92AC26E4-4541-4971-A2C0-297B83E4C0EA}.Debug|iPhone.Deploy.0 = Debug|Any CPU
		{92AC26E4-4541-4971-A2C0-297B83E4C0EA}.Debug|iPhoneSimulator.ActiveCfg = Debug|Any CPU
		{92AC26E4-4541-4971-A2C0-297B83E4C0EA}.Debug|iPhoneSimulator.Build.0 = Debug|Any CPU
		{92AC26E4-4541-4971-A2C0-297B83E4C0EA}.Debug|iPhoneSimulator.Deploy.0 = Debug|Any CPU
		{92AC26E4-4541-4971-A2C0-297B83E4C0EA}.Debug|x64.ActiveCfg = Debug|Any CPU
		{92AC26E4-4541-4971-A2C0-297B83E4C0EA}.Debug|x64.Build.0 = Debug|Any CPU
		{92AC26E4-4541-4971-A2C0-297B83E4C0EA}.Debug|x64.Deploy.0 = Debug|Any CPU
		{92AC26E4-4541-4971-A2C0-297B83E4C0EA}.Debug|x86.ActiveCfg = Debug|Any CPU
		{92AC26E4-4541-4971-A2C0-297B83E4C0EA}.Debug|x86.Build.0 = Debug|Any CPU
		{92AC26E4-4541-4971-A2C0-297B83E4C0EA}.Debug|x86.Deploy.0 = Debug|Any CPU
		{92AC26E4-4541-4971-A2C0-297B83E4C0EA}.Release|Any CPU.ActiveCfg = Release|Any CPU
		{92AC26E4-4541-4971-A2C0-297B83E4C0EA}.Release|Any CPU.Build.0 = Release|Any CPU
		{92AC26E4-4541-4971-A2C0-297B83E4C0EA}.Release|Any CPU.Deploy.0 = Release|Any CPU
		{92AC26E4-4541-4971-A2C0-297B83E4C0EA}.Release|ARM.ActiveCfg = Release|Any CPU
		{92AC26E4-4541-4971-A2C0-297B83E4C0EA}.Release|ARM.Build.0 = Release|Any CPU
		{92AC26E4-4541-4971-A2C0-297B83E4C0EA}.Release|ARM.Deploy.0 = Release|Any CPU
		{92AC26E4-4541-4971-A2C0-297B83E4C0EA}.Release|iPhone.ActiveCfg = Release|Any CPU
		{92AC26E4-4541-4971-A2C0-297B83E4C0EA}.Release|iPhone.Build.0 = Release|Any CPU
		{92AC26E4-4541-4971-A2C0-297B83E4C0EA}.Release|iPhone.Deploy.0 = Release|Any CPU
		{92AC26E4-4541-4971-A2C0-297B83E4C0EA}.Release|iPhoneSimulator.ActiveCfg = Release|Any CPU
		{92AC26E4-4541-4971-A2C0-297B83E4C0EA}.Release|iPhoneSimulator.Build.0 = Release|Any CPU
		{92AC26E4-4541-4971-A2C0-297B83E4C0EA}.Release|iPhoneSimulator.Deploy.0 = Release|Any CPU
		{92AC26E4-4541-4971-A2C0-297B83E4C0EA}.Release|x64.ActiveCfg = Release|Any CPU
		{92AC26E4-4541-4971-A2C0-297B83E4C0EA}.Release|x64.Build.0 = Release|Any CPU
		{92AC26E4-4541-4971-A2C0-297B83E4C0EA}.Release|x64.Deploy.0 = Release|Any CPU
		{92AC26E4-4541-4971-A2C0-297B83E4C0EA}.Release|x86.ActiveCfg = Release|Any CPU
		{92AC26E4-4541-4971-A2C0-297B83E4C0EA}.Release|x86.Build.0 = Release|Any CPU
		{92AC26E4-4541-4971-A2C0-297B83E4C0EA}.Release|x86.Deploy.0 = Release|Any CPU
		{F945538E-CD3F-4E07-8C90-429F6644D21F}.Ad-Hoc|Any CPU.ActiveCfg = Release|Any CPU
		{F945538E-CD3F-4E07-8C90-429F6644D21F}.Ad-Hoc|Any CPU.Build.0 = Release|Any CPU
		{F945538E-CD3F-4E07-8C90-429F6644D21F}.Ad-Hoc|ARM.ActiveCfg = Release|Any CPU
		{F945538E-CD3F-4E07-8C90-429F6644D21F}.Ad-Hoc|ARM.Build.0 = Release|Any CPU
		{F945538E-CD3F-4E07-8C90-429F6644D21F}.Ad-Hoc|iPhone.ActiveCfg = Release|Any CPU
		{F945538E-CD3F-4E07-8C90-429F6644D21F}.Ad-Hoc|iPhone.Build.0 = Release|Any CPU
		{F945538E-CD3F-4E07-8C90-429F6644D21F}.Ad-Hoc|iPhoneSimulator.ActiveCfg = Release|Any CPU
		{F945538E-CD3F-4E07-8C90-429F6644D21F}.Ad-Hoc|iPhoneSimulator.Build.0 = Release|Any CPU
		{F945538E-CD3F-4E07-8C90-429F6644D21F}.Ad-Hoc|x64.ActiveCfg = Release|Any CPU
		{F945538E-CD3F-4E07-8C90-429F6644D21F}.Ad-Hoc|x64.Build.0 = Release|Any CPU
		{F945538E-CD3F-4E07-8C90-429F6644D21F}.Ad-Hoc|x86.ActiveCfg = Release|Any CPU
		{F945538E-CD3F-4E07-8C90-429F6644D21F}.Ad-Hoc|x86.Build.0 = Release|Any CPU
		{F945538E-CD3F-4E07-8C90-429F6644D21F}.AppStore|Any CPU.ActiveCfg = Release|Any CPU
		{F945538E-CD3F-4E07-8C90-429F6644D21F}.AppStore|Any CPU.Build.0 = Release|Any CPU
		{F945538E-CD3F-4E07-8C90-429F6644D21F}.AppStore|ARM.ActiveCfg = Release|Any CPU
		{F945538E-CD3F-4E07-8C90-429F6644D21F}.AppStore|ARM.Build.0 = Release|Any CPU
		{F945538E-CD3F-4E07-8C90-429F6644D21F}.AppStore|iPhone.ActiveCfg = Release|Any CPU
		{F945538E-CD3F-4E07-8C90-429F6644D21F}.AppStore|iPhone.Build.0 = Release|Any CPU
		{F945538E-CD3F-4E07-8C90-429F6644D21F}.AppStore|iPhoneSimulator.ActiveCfg = Release|Any CPU
		{F945538E-CD3F-4E07-8C90-429F6644D21F}.AppStore|iPhoneSimulator.Build.0 = Release|Any CPU
		{F945538E-CD3F-4E07-8C90-429F6644D21F}.AppStore|x64.ActiveCfg = Release|Any CPU
		{F945538E-CD3F-4E07-8C90-429F6644D21F}.AppStore|x64.Build.0 = Release|Any CPU
		{F945538E-CD3F-4E07-8C90-429F6644D21F}.AppStore|x86.ActiveCfg = Release|Any CPU
		{F945538E-CD3F-4E07-8C90-429F6644D21F}.AppStore|x86.Build.0 = Release|Any CPU
		{F945538E-CD3F-4E07-8C90-429F6644D21F}.Debug|Any CPU.ActiveCfg = Debug|Any CPU
		{F945538E-CD3F-4E07-8C90-429F6644D21F}.Debug|Any CPU.Build.0 = Debug|Any CPU
		{F945538E-CD3F-4E07-8C90-429F6644D21F}.Debug|ARM.ActiveCfg = Debug|Any CPU
		{F945538E-CD3F-4E07-8C90-429F6644D21F}.Debug|ARM.Build.0 = Debug|Any CPU
		{F945538E-CD3F-4E07-8C90-429F6644D21F}.Debug|iPhone.ActiveCfg = Debug|Any CPU
		{F945538E-CD3F-4E07-8C90-429F6644D21F}.Debug|iPhone.Build.0 = Debug|Any CPU
		{F945538E-CD3F-4E07-8C90-429F6644D21F}.Debug|iPhoneSimulator.ActiveCfg = Debug|Any CPU
		{F945538E-CD3F-4E07-8C90-429F6644D21F}.Debug|iPhoneSimulator.Build.0 = Debug|Any CPU
		{F945538E-CD3F-4E07-8C90-429F6644D21F}.Debug|x64.ActiveCfg = Debug|Any CPU
		{F945538E-CD3F-4E07-8C90-429F6644D21F}.Debug|x64.Build.0 = Debug|Any CPU
		{F945538E-CD3F-4E07-8C90-429F6644D21F}.Debug|x86.ActiveCfg = Debug|Any CPU
		{F945538E-CD3F-4E07-8C90-429F6644D21F}.Debug|x86.Build.0 = Debug|Any CPU
		{F945538E-CD3F-4E07-8C90-429F6644D21F}.Release|Any CPU.ActiveCfg = Release|Any CPU
		{F945538E-CD3F-4E07-8C90-429F6644D21F}.Release|Any CPU.Build.0 = Release|Any CPU
		{F945538E-CD3F-4E07-8C90-429F6644D21F}.Release|ARM.ActiveCfg = Release|Any CPU
		{F945538E-CD3F-4E07-8C90-429F6644D21F}.Release|ARM.Build.0 = Release|Any CPU
		{F945538E-CD3F-4E07-8C90-429F6644D21F}.Release|iPhone.ActiveCfg = Release|Any CPU
		{F945538E-CD3F-4E07-8C90-429F6644D21F}.Release|iPhone.Build.0 = Release|Any CPU
		{F945538E-CD3F-4E07-8C90-429F6644D21F}.Release|iPhoneSimulator.ActiveCfg = Release|Any CPU
		{F945538E-CD3F-4E07-8C90-429F6644D21F}.Release|iPhoneSimulator.Build.0 = Release|Any CPU
		{F945538E-CD3F-4E07-8C90-429F6644D21F}.Release|x64.ActiveCfg = Release|Any CPU
		{F945538E-CD3F-4E07-8C90-429F6644D21F}.Release|x64.Build.0 = Release|Any CPU
		{F945538E-CD3F-4E07-8C90-429F6644D21F}.Release|x86.ActiveCfg = Release|Any CPU
		{F945538E-CD3F-4E07-8C90-429F6644D21F}.Release|x86.Build.0 = Release|Any CPU
		{F077111A-DE6E-4B75-BB1F-661ACD94B02F}.Ad-Hoc|Any CPU.ActiveCfg = Release|x86
		{F077111A-DE6E-4B75-BB1F-661ACD94B02F}.Ad-Hoc|Any CPU.Build.0 = Release|x86
		{F077111A-DE6E-4B75-BB1F-661ACD94B02F}.Ad-Hoc|Any CPU.Deploy.0 = Release|x86
		{F077111A-DE6E-4B75-BB1F-661ACD94B02F}.Ad-Hoc|ARM.ActiveCfg = Release|ARM
		{F077111A-DE6E-4B75-BB1F-661ACD94B02F}.Ad-Hoc|ARM.Build.0 = Release|ARM
		{F077111A-DE6E-4B75-BB1F-661ACD94B02F}.Ad-Hoc|ARM.Deploy.0 = Release|ARM
		{F077111A-DE6E-4B75-BB1F-661ACD94B02F}.Ad-Hoc|iPhone.ActiveCfg = Release|x86
		{F077111A-DE6E-4B75-BB1F-661ACD94B02F}.Ad-Hoc|iPhone.Build.0 = Release|x86
		{F077111A-DE6E-4B75-BB1F-661ACD94B02F}.Ad-Hoc|iPhone.Deploy.0 = Release|x86
		{F077111A-DE6E-4B75-BB1F-661ACD94B02F}.Ad-Hoc|iPhoneSimulator.ActiveCfg = Release|x86
		{F077111A-DE6E-4B75-BB1F-661ACD94B02F}.Ad-Hoc|iPhoneSimulator.Build.0 = Release|x86
		{F077111A-DE6E-4B75-BB1F-661ACD94B02F}.Ad-Hoc|iPhoneSimulator.Deploy.0 = Release|x86
		{F077111A-DE6E-4B75-BB1F-661ACD94B02F}.Ad-Hoc|x64.ActiveCfg = Release|x64
		{F077111A-DE6E-4B75-BB1F-661ACD94B02F}.Ad-Hoc|x64.Build.0 = Release|x64
		{F077111A-DE6E-4B75-BB1F-661ACD94B02F}.Ad-Hoc|x64.Deploy.0 = Release|x64
		{F077111A-DE6E-4B75-BB1F-661ACD94B02F}.Ad-Hoc|x86.ActiveCfg = Release|x86
		{F077111A-DE6E-4B75-BB1F-661ACD94B02F}.Ad-Hoc|x86.Build.0 = Release|x86
		{F077111A-DE6E-4B75-BB1F-661ACD94B02F}.Ad-Hoc|x86.Deploy.0 = Release|x86
		{F077111A-DE6E-4B75-BB1F-661ACD94B02F}.AppStore|Any CPU.ActiveCfg = Release|x86
		{F077111A-DE6E-4B75-BB1F-661ACD94B02F}.AppStore|Any CPU.Build.0 = Release|x86
		{F077111A-DE6E-4B75-BB1F-661ACD94B02F}.AppStore|Any CPU.Deploy.0 = Release|x86
		{F077111A-DE6E-4B75-BB1F-661ACD94B02F}.AppStore|ARM.ActiveCfg = Release|ARM
		{F077111A-DE6E-4B75-BB1F-661ACD94B02F}.AppStore|ARM.Build.0 = Release|ARM
		{F077111A-DE6E-4B75-BB1F-661ACD94B02F}.AppStore|ARM.Deploy.0 = Release|ARM
		{F077111A-DE6E-4B75-BB1F-661ACD94B02F}.AppStore|iPhone.ActiveCfg = Release|x86
		{F077111A-DE6E-4B75-BB1F-661ACD94B02F}.AppStore|iPhone.Build.0 = Release|x86
		{F077111A-DE6E-4B75-BB1F-661ACD94B02F}.AppStore|iPhone.Deploy.0 = Release|x86
		{F077111A-DE6E-4B75-BB1F-661ACD94B02F}.AppStore|iPhoneSimulator.ActiveCfg = Release|x86
		{F077111A-DE6E-4B75-BB1F-661ACD94B02F}.AppStore|iPhoneSimulator.Build.0 = Release|x86
		{F077111A-DE6E-4B75-BB1F-661ACD94B02F}.AppStore|iPhoneSimulator.Deploy.0 = Release|x86
		{F077111A-DE6E-4B75-BB1F-661ACD94B02F}.AppStore|x64.ActiveCfg = Release|x64
		{F077111A-DE6E-4B75-BB1F-661ACD94B02F}.AppStore|x64.Build.0 = Release|x64
		{F077111A-DE6E-4B75-BB1F-661ACD94B02F}.AppStore|x64.Deploy.0 = Release|x64
		{F077111A-DE6E-4B75-BB1F-661ACD94B02F}.AppStore|x86.ActiveCfg = Release|x86
		{F077111A-DE6E-4B75-BB1F-661ACD94B02F}.AppStore|x86.Build.0 = Release|x86
		{F077111A-DE6E-4B75-BB1F-661ACD94B02F}.AppStore|x86.Deploy.0 = Release|x86
		{F077111A-DE6E-4B75-BB1F-661ACD94B02F}.Debug|Any CPU.ActiveCfg = Debug|x86
		{F077111A-DE6E-4B75-BB1F-661ACD94B02F}.Debug|ARM.ActiveCfg = Debug|ARM
		{F077111A-DE6E-4B75-BB1F-661ACD94B02F}.Debug|ARM.Build.0 = Debug|ARM
		{F077111A-DE6E-4B75-BB1F-661ACD94B02F}.Debug|ARM.Deploy.0 = Debug|ARM
		{F077111A-DE6E-4B75-BB1F-661ACD94B02F}.Debug|iPhone.ActiveCfg = Debug|x86
		{F077111A-DE6E-4B75-BB1F-661ACD94B02F}.Debug|iPhoneSimulator.ActiveCfg = Debug|x86
		{F077111A-DE6E-4B75-BB1F-661ACD94B02F}.Debug|x64.ActiveCfg = Debug|x64
		{F077111A-DE6E-4B75-BB1F-661ACD94B02F}.Debug|x64.Build.0 = Debug|x64
		{F077111A-DE6E-4B75-BB1F-661ACD94B02F}.Debug|x64.Deploy.0 = Debug|x64
		{F077111A-DE6E-4B75-BB1F-661ACD94B02F}.Debug|x86.ActiveCfg = Debug|x86
		{F077111A-DE6E-4B75-BB1F-661ACD94B02F}.Debug|x86.Build.0 = Debug|x86
		{F077111A-DE6E-4B75-BB1F-661ACD94B02F}.Debug|x86.Deploy.0 = Debug|x86
		{F077111A-DE6E-4B75-BB1F-661ACD94B02F}.Release|Any CPU.ActiveCfg = Release|x86
		{F077111A-DE6E-4B75-BB1F-661ACD94B02F}.Release|ARM.ActiveCfg = Release|ARM
		{F077111A-DE6E-4B75-BB1F-661ACD94B02F}.Release|ARM.Build.0 = Release|ARM
		{F077111A-DE6E-4B75-BB1F-661ACD94B02F}.Release|ARM.Deploy.0 = Release|ARM
		{F077111A-DE6E-4B75-BB1F-661ACD94B02F}.Release|iPhone.ActiveCfg = Release|x86
		{F077111A-DE6E-4B75-BB1F-661ACD94B02F}.Release|iPhoneSimulator.ActiveCfg = Release|x86
		{F077111A-DE6E-4B75-BB1F-661ACD94B02F}.Release|x64.ActiveCfg = Release|x64
		{F077111A-DE6E-4B75-BB1F-661ACD94B02F}.Release|x64.Build.0 = Release|x64
		{F077111A-DE6E-4B75-BB1F-661ACD94B02F}.Release|x64.Deploy.0 = Release|x64
		{F077111A-DE6E-4B75-BB1F-661ACD94B02F}.Release|x86.ActiveCfg = Release|x86
		{F077111A-DE6E-4B75-BB1F-661ACD94B02F}.Release|x86.Build.0 = Release|x86
		{F077111A-DE6E-4B75-BB1F-661ACD94B02F}.Release|x86.Deploy.0 = Release|x86
		{15EFF62F-970D-4B3F-BCDA-9280397E4F5D}.Ad-Hoc|Any CPU.ActiveCfg = Ad-Hoc|iPhone
		{15EFF62F-970D-4B3F-BCDA-9280397E4F5D}.Ad-Hoc|ARM.ActiveCfg = Ad-Hoc|iPhone
		{15EFF62F-970D-4B3F-BCDA-9280397E4F5D}.Ad-Hoc|iPhone.ActiveCfg = Ad-Hoc|iPhone
		{15EFF62F-970D-4B3F-BCDA-9280397E4F5D}.Ad-Hoc|iPhone.Build.0 = Ad-Hoc|iPhone
		{15EFF62F-970D-4B3F-BCDA-9280397E4F5D}.Ad-Hoc|iPhoneSimulator.ActiveCfg = Ad-Hoc|iPhoneSimulator
		{15EFF62F-970D-4B3F-BCDA-9280397E4F5D}.Ad-Hoc|iPhoneSimulator.Build.0 = Ad-Hoc|iPhoneSimulator
		{15EFF62F-970D-4B3F-BCDA-9280397E4F5D}.Ad-Hoc|x64.ActiveCfg = Ad-Hoc|iPhone
		{15EFF62F-970D-4B3F-BCDA-9280397E4F5D}.Ad-Hoc|x86.ActiveCfg = Ad-Hoc|iPhone
		{15EFF62F-970D-4B3F-BCDA-9280397E4F5D}.AppStore|Any CPU.ActiveCfg = AppStore|iPhone
		{15EFF62F-970D-4B3F-BCDA-9280397E4F5D}.AppStore|ARM.ActiveCfg = AppStore|iPhone
		{15EFF62F-970D-4B3F-BCDA-9280397E4F5D}.AppStore|iPhone.ActiveCfg = AppStore|iPhone
		{15EFF62F-970D-4B3F-BCDA-9280397E4F5D}.AppStore|iPhone.Build.0 = AppStore|iPhone
		{15EFF62F-970D-4B3F-BCDA-9280397E4F5D}.AppStore|iPhoneSimulator.ActiveCfg = AppStore|iPhoneSimulator
		{15EFF62F-970D-4B3F-BCDA-9280397E4F5D}.AppStore|iPhoneSimulator.Build.0 = AppStore|iPhoneSimulator
		{15EFF62F-970D-4B3F-BCDA-9280397E4F5D}.AppStore|x64.ActiveCfg = AppStore|iPhone
		{15EFF62F-970D-4B3F-BCDA-9280397E4F5D}.AppStore|x86.ActiveCfg = AppStore|iPhone
		{15EFF62F-970D-4B3F-BCDA-9280397E4F5D}.Debug|Any CPU.ActiveCfg = Debug|iPhone
		{15EFF62F-970D-4B3F-BCDA-9280397E4F5D}.Debug|ARM.ActiveCfg = Debug|iPhone
		{15EFF62F-970D-4B3F-BCDA-9280397E4F5D}.Debug|iPhone.ActiveCfg = Debug|iPhone
		{15EFF62F-970D-4B3F-BCDA-9280397E4F5D}.Debug|iPhone.Build.0 = Debug|iPhone
		{15EFF62F-970D-4B3F-BCDA-9280397E4F5D}.Debug|iPhoneSimulator.ActiveCfg = Debug|iPhoneSimulator
		{15EFF62F-970D-4B3F-BCDA-9280397E4F5D}.Debug|iPhoneSimulator.Build.0 = Debug|iPhoneSimulator
		{15EFF62F-970D-4B3F-BCDA-9280397E4F5D}.Debug|x64.ActiveCfg = Debug|iPhone
		{15EFF62F-970D-4B3F-BCDA-9280397E4F5D}.Debug|x86.ActiveCfg = Debug|iPhone
		{15EFF62F-970D-4B3F-BCDA-9280397E4F5D}.Release|Any CPU.ActiveCfg = Release|iPhone
		{15EFF62F-970D-4B3F-BCDA-9280397E4F5D}.Release|ARM.ActiveCfg = Release|iPhone
		{15EFF62F-970D-4B3F-BCDA-9280397E4F5D}.Release|iPhone.ActiveCfg = Release|iPhone
		{15EFF62F-970D-4B3F-BCDA-9280397E4F5D}.Release|iPhone.Build.0 = Release|iPhone
		{15EFF62F-970D-4B3F-BCDA-9280397E4F5D}.Release|iPhoneSimulator.ActiveCfg = Release|iPhoneSimulator
		{15EFF62F-970D-4B3F-BCDA-9280397E4F5D}.Release|iPhoneSimulator.Build.0 = Release|iPhoneSimulator
		{15EFF62F-970D-4B3F-BCDA-9280397E4F5D}.Release|x64.ActiveCfg = Release|iPhone
		{15EFF62F-970D-4B3F-BCDA-9280397E4F5D}.Release|x86.ActiveCfg = Release|iPhone
	EndGlobalSection
	GlobalSection(SolutionProperties) = preSolution
		HideSolutionNode = FALSE
	EndGlobalSection
EndGlobal
